
Microsoft Visual Studio Solution File, Format Version 12.00
# Visual Studio 15
VisualStudioVersion = 15.0.28307.852
MinimumVisualStudioVersion = 10.0.40219.1
Project("{FAE04EC0-301F-11D3-BF4B-00C04F79EFBC}") = "CMakeParser", "CMakeParser\CMakeParser.csproj", "{6E9B242F-3935-4C65-A01E-1B5A5AB4CB3A}"
EndProject
Project("{FAE04EC0-301F-11D3-BF4B-00C04F79EFBC}") = "CMakeLister", "CMakeLister\CMakeLister.csproj", "{8E6161FC-E356-43D1-93A3-55131E382C4B}"
EndProject
Global
	GlobalSection(SolutionConfigurationPlatforms) = preSolution
		Debug|Any CPU = Debug|Any CPU
		Release|Any CPU = Release|Any CPU
	EndGlobalSection
	GlobalSection(ProjectConfigurationPlatforms) = postSolution
		{6E9B242F-3935-4C65-A01E-1B5A5AB4CB3A}.Debug|Any CPU.ActiveCfg = Debug|Any CPU
		{6E9B242F-3935-4C65-A01E-1B5A5AB4CB3A}.Debug|Any CPU.Build.0 = Debug|Any CPU
		{6E9B242F-3935-4C65-A01E-1B5A5AB4CB3A}.Release|Any CPU.ActiveCfg = Release|Any CPU
		{6E9B242F-3935-4C65-A01E-1B5A5AB4CB3A}.Release|Any CPU.Build.0 = Release|Any CPU
		{8E6161FC-E356-43D1-93A3-55131E382C4B}.Debug|Any CPU.ActiveCfg = Debug|Any CPU
		{8E6161FC-E356-43D1-93A3-55131E382C4B}.Debug|Any CPU.Build.0 = Debug|Any CPU
		{8E6161FC-E356-43D1-93A3-55131E382C4B}.Release|Any CPU.ActiveCfg = Release|Any CPU
		{8E6161FC-E356-43D1-93A3-55131E382C4B}.Release|Any CPU.Build.0 = Release|Any CPU
	EndGlobalSection
	GlobalSection(SolutionProperties) = preSolution
		HideSolutionNode = FALSE
	EndGlobalSection
	GlobalSection(ExtensibilityGlobals) = postSolution
		SolutionGuid = {C050C1A9-BDF4-4336-BE18-4A165B07450A}
	EndGlobalSection
EndGlobal
