
Microsoft Visual Studio Solution File, Format Version 12.00
# Visual Studio 15
VisualStudioVersion = 15.0.28307.852
MinimumVisualStudioVersion = 10.0.40219.1
Project("{FAE04EC0-301F-11D3-BF4B-00C04F79EFBC}") = "CMakeParser", "CMakeParser\CMakeParser.csproj", "{6E9B242F-3935-4C65-A01E-1B5A5AB4CB3A}"
EndProject
Project("{FAE04EC0-301F-11D3-BF4B-00C04F79EFBC}") = "CMakeLister", "CMakeLister\CMakeLister.csproj", "{8E6161FC-E356-43D1-93A3-55131E382C4B}"
EndProject
Project("{FAE04EC0-301F-11D3-BF4B-00C04F79EFBC}") = "Test", "Test\Test.csproj", "{63477A77-77B1-4987-BFFF-EA8A5BC2FC75}"
EndProject
Project("{FAE04EC0-301F-11D3-BF4B-00C04F79EFBC}") = "CMakeToVisualStudio", "CMakeToVisualStudio\CMakeToVisualStudio.csproj", "{6BFA2CA1-9119-4104-A081-011E1D038A22}"
EndProject
Project("{FAE04EC0-301F-11D3-BF4B-00C04F79EFBC}") = "Core", "Core\Core.csproj", "{543A7173-C259-4C56-865C-8E8E43D5D59D}"
EndProject
Project("{FAE04EC0-301F-11D3-BF4B-00C04F79EFBC}") = "VisualStudio", "VisualStudio\VisualStudio.csproj", "{4A1C689C-78CF-4137-B85D-FD42F6B9961C}"
EndProject
Project("{FAE04EC0-301F-11D3-BF4B-00C04F79EFBC}") = "VStoVS", "VStoVS\VStoVS.csproj", "{DA0C19F6-90FF-4773-8E47-7C1CBBE87F8F}"
EndProject
Global
	GlobalSection(SolutionConfigurationPlatforms) = preSolution
		Debug|Any CPU = Debug|Any CPU
		Release|Any CPU = Release|Any CPU
	EndGlobalSection
	GlobalSection(ProjectConfigurationPlatforms) = postSolution
		{6E9B242F-3935-4C65-A01E-1B5A5AB4CB3A}.Debug|Any CPU.ActiveCfg = Debug|Any CPU
		{6E9B242F-3935-4C65-A01E-1B5A5AB4CB3A}.Debug|Any CPU.Build.0 = Debug|Any CPU
		{6E9B242F-3935-4C65-A01E-1B5A5AB4CB3A}.Release|Any CPU.ActiveCfg = Release|Any CPU
		{6E9B242F-3935-4C65-A01E-1B5A5AB4CB3A}.Release|Any CPU.Build.0 = Release|Any CPU
		{8E6161FC-E356-43D1-93A3-55131E382C4B}.Debug|Any CPU.ActiveCfg = Debug|Any CPU
		{8E6161FC-E356-43D1-93A3-55131E382C4B}.Debug|Any CPU.Build.0 = Debug|Any CPU
		{8E6161FC-E356-43D1-93A3-55131E382C4B}.Release|Any CPU.ActiveCfg = Release|Any CPU
		{8E6161FC-E356-43D1-93A3-55131E382C4B}.Release|Any CPU.Build.0 = Release|Any CPU
		{63477A77-77B1-4987-BFFF-EA8A5BC2FC75}.Debug|Any CPU.ActiveCfg = Debug|Any CPU
		{63477A77-77B1-4987-BFFF-EA8A5BC2FC75}.Debug|Any CPU.Build.0 = Debug|Any CPU
		{63477A77-77B1-4987-BFFF-EA8A5BC2FC75}.Release|Any CPU.ActiveCfg = Release|Any CPU
		{63477A77-77B1-4987-BFFF-EA8A5BC2FC75}.Release|Any CPU.Build.0 = Release|Any CPU
		{6BFA2CA1-9119-4104-A081-011E1D038A22}.Debug|Any CPU.ActiveCfg = Debug|Any CPU
		{6BFA2CA1-9119-4104-A081-011E1D038A22}.Debug|Any CPU.Build.0 = Debug|Any CPU
		{6BFA2CA1-9119-4104-A081-011E1D038A22}.Release|Any CPU.ActiveCfg = Release|Any CPU
		{6BFA2CA1-9119-4104-A081-011E1D038A22}.Release|Any CPU.Build.0 = Release|Any CPU
		{543A7173-C259-4C56-865C-8E8E43D5D59D}.Debug|Any CPU.ActiveCfg = Debug|Any CPU
		{543A7173-C259-4C56-865C-8E8E43D5D59D}.Debug|Any CPU.Build.0 = Debug|Any CPU
		{543A7173-C259-4C56-865C-8E8E43D5D59D}.Release|Any CPU.ActiveCfg = Release|Any CPU
		{543A7173-C259-4C56-865C-8E8E43D5D59D}.Release|Any CPU.Build.0 = Release|Any CPU
		{4A1C689C-78CF-4137-B85D-FD42F6B9961C}.Debug|Any CPU.ActiveCfg = Debug|Any CPU
		{4A1C689C-78CF-4137-B85D-FD42F6B9961C}.Debug|Any CPU.Build.0 = Debug|Any CPU
		{4A1C689C-78CF-4137-B85D-FD42F6B9961C}.Release|Any CPU.ActiveCfg = Release|Any CPU
		{4A1C689C-78CF-4137-B85D-FD42F6B9961C}.Release|Any CPU.Build.0 = Release|Any CPU
		{DA0C19F6-90FF-4773-8E47-7C1CBBE87F8F}.Debug|Any CPU.ActiveCfg = Debug|Any CPU
		{DA0C19F6-90FF-4773-8E47-7C1CBBE87F8F}.Debug|Any CPU.Build.0 = Debug|Any CPU
		{DA0C19F6-90FF-4773-8E47-7C1CBBE87F8F}.Release|Any CPU.ActiveCfg = Release|Any CPU
		{DA0C19F6-90FF-4773-8E47-7C1CBBE87F8F}.Release|Any CPU.Build.0 = Release|Any CPU
	EndGlobalSection
	GlobalSection(SolutionProperties) = preSolution
		HideSolutionNode = FALSE
	EndGlobalSection
	GlobalSection(ExtensibilityGlobals) = postSolution
		SolutionGuid = {C050C1A9-BDF4-4336-BE18-4A165B07450A}
	EndGlobalSection
EndGlobal
